// !$*UTF8*$!
{
	archiveVersion = 1;
	classes = {
	};
	objectVersion = 46;
	objects = {

/* Begin PBXBuildFile section */
		48BD83DAF26EA3D2BF69D752 /* Pods_PayUp.framework in Frameworks */ = {isa = PBXBuildFile; fileRef = A5FD68BDEC72FB11CC6AAFA0 /* Pods_PayUp.framework */; };
		E50BBE451F8C0FB2000574EC /* SettingsTableViewController.swift in Sources */ = {isa = PBXBuildFile; fileRef = E50BBE441F8C0FB2000574EC /* SettingsTableViewController.swift */; };
		E50BBE471F8C1091000574EC /* SettingsNavigationController.swift in Sources */ = {isa = PBXBuildFile; fileRef = E50BBE461F8C1091000574EC /* SettingsNavigationController.swift */; };
		E50BBE491F8C1890000574EC /* CreditsTableViewController.swift in Sources */ = {isa = PBXBuildFile; fileRef = E50BBE481F8C1890000574EC /* CreditsTableViewController.swift */; };
		E50BBE4B1F8C1B25000574EC /* IconsTableViewController.swift in Sources */ = {isa = PBXBuildFile; fileRef = E50BBE4A1F8C1B25000574EC /* IconsTableViewController.swift */; };
		E50BBE4D1F8C2175000574EC /* OpenSLTableViewController.swift in Sources */ = {isa = PBXBuildFile; fileRef = E50BBE4C1F8C2175000574EC /* OpenSLTableViewController.swift */; };
		E51AB4EE1F8741F1008D2058 /* GSTViewController.swift in Sources */ = {isa = PBXBuildFile; fileRef = E51AB4ED1F8741F1008D2058 /* GSTViewController.swift */; };
		E51AB4F01F878403008D2058 /* Bill.swift in Sources */ = {isa = PBXBuildFile; fileRef = E51AB4EF1F878403008D2058 /* Bill.swift */; };
		E51AB4F21F87AEB2008D2058 /* SummaryViewController.swift in Sources */ = {isa = PBXBuildFile; fileRef = E51AB4F11F87AEB2008D2058 /* SummaryViewController.swift */; };
		E51AB4F41F87C5C2008D2058 /* PersonViewController.swift in Sources */ = {isa = PBXBuildFile; fileRef = E51AB4F31F87C5C2008D2058 /* PersonViewController.swift */; };
		E51AB4F81F87C6B0008D2058 /* ItemTableCell.swift in Sources */ = {isa = PBXBuildFile; fileRef = E51AB4F71F87C6B0008D2058 /* ItemTableCell.swift */; };
		E56D00E91F7BBBA100867C35 /* BillViewController.swift in Sources */ = {isa = PBXBuildFile; fileRef = E56D00E81F7BBBA100867C35 /* BillViewController.swift */; };
		E56D00EB1F7BBCC900867C35 /* BillTableCell.swift in Sources */ = {isa = PBXBuildFile; fileRef = E56D00EA1F7BBCC900867C35 /* BillTableCell.swift */; };
		E56D00ED1F7BBE3300867C35 /* BillTableSection.swift in Sources */ = {isa = PBXBuildFile; fileRef = E56D00EC1F7BBE3300867C35 /* BillTableSection.swift */; };
		E56D00EF1F7BC98100867C35 /* Person.swift in Sources */ = {isa = PBXBuildFile; fileRef = E56D00EE1F7BC98100867C35 /* Person.swift */; };
		E56D00F11F7BC9C000867C35 /* Item.swift in Sources */ = {isa = PBXBuildFile; fileRef = E56D00F01F7BC9C000867C35 /* Item.swift */; };
		E5AECDD41F8A4AE5003606F4 /* SideBarMenuViewController.swift in Sources */ = {isa = PBXBuildFile; fileRef = E5AECDD31F8A4AE5003606F4 /* SideBarMenuViewController.swift */; };
		E5AECDD61F8A5529003606F4 /* BillNavigationController.swift in Sources */ = {isa = PBXBuildFile; fileRef = E5AECDD51F8A5529003606F4 /* BillNavigationController.swift */; };
		E5B38A191F7BA232007BD655 /* BillTableSection.xib in Resources */ = {isa = PBXBuildFile; fileRef = E5B38A181F7BA232007BD655 /* BillTableSection.xib */; };
		E5C538771F8FA9A2007166E7 /* GoogleService-Info.plist in Resources */ = {isa = PBXBuildFile; fileRef = E5C538761F8FA9A2007166E7 /* GoogleService-Info.plist */; };
		E5CF0D861F8F5F8D001AA1E2 /* StoreKit.framework in Frameworks */ = {isa = PBXBuildFile; fileRef = E5CF0D851F8F5F8D001AA1E2 /* StoreKit.framework */; };
		E5D691301F7B9B4500A52971 /* AppDelegate.swift in Sources */ = {isa = PBXBuildFile; fileRef = E5D6912F1F7B9B4500A52971 /* AppDelegate.swift */; };
		E5D691351F7B9B4500A52971 /* Main.storyboard in Resources */ = {isa = PBXBuildFile; fileRef = E5D691331F7B9B4500A52971 /* Main.storyboard */; };
		E5D691381F7B9B4500A52971 /* PayUp.xcdatamodeld in Sources */ = {isa = PBXBuildFile; fileRef = E5D691361F7B9B4500A52971 /* PayUp.xcdatamodeld */; };
		E5D6913A1F7B9B4500A52971 /* Assets.xcassets in Resources */ = {isa = PBXBuildFile; fileRef = E5D691391F7B9B4500A52971 /* Assets.xcassets */; };
		E5D6913D1F7B9B4500A52971 /* LaunchScreen.storyboard in Resources */ = {isa = PBXBuildFile; fileRef = E5D6913B1F7B9B4500A52971 /* LaunchScreen.storyboard */; };
		E5F1EEE21F89F56D00CB1921 /* HostViewController.swift in Sources */ = {isa = PBXBuildFile; fileRef = E5F1EEE11F89F56D00CB1921 /* HostViewController.swift */; };
/* End PBXBuildFile section */

/* Begin PBXFileReference section */
		3E3956AB9D6491412E4B2885 /* Pods-PayUp.debug.xcconfig */ = {isa = PBXFileReference; includeInIndex = 1; lastKnownFileType = text.xcconfig; name = "Pods-PayUp.debug.xcconfig"; path = "Pods/Target Support Files/Pods-PayUp/Pods-PayUp.debug.xcconfig"; sourceTree = "<group>"; };
		81676302CF547174763EBA95 /* Pods-PayUp.release.xcconfig */ = {isa = PBXFileReference; includeInIndex = 1; lastKnownFileType = text.xcconfig; name = "Pods-PayUp.release.xcconfig"; path = "Pods/Target Support Files/Pods-PayUp/Pods-PayUp.release.xcconfig"; sourceTree = "<group>"; };
		A5FD68BDEC72FB11CC6AAFA0 /* Pods_PayUp.framework */ = {isa = PBXFileReference; explicitFileType = wrapper.framework; includeInIndex = 0; path = Pods_PayUp.framework; sourceTree = BUILT_PRODUCTS_DIR; };
		E50BBE441F8C0FB2000574EC /* SettingsTableViewController.swift */ = {isa = PBXFileReference; fileEncoding = 4; lastKnownFileType = sourcecode.swift; path = SettingsTableViewController.swift; sourceTree = "<group>"; };
		E50BBE461F8C1091000574EC /* SettingsNavigationController.swift */ = {isa = PBXFileReference; fileEncoding = 4; lastKnownFileType = sourcecode.swift; path = SettingsNavigationController.swift; sourceTree = "<group>"; };
		E50BBE481F8C1890000574EC /* CreditsTableViewController.swift */ = {isa = PBXFileReference; fileEncoding = 4; lastKnownFileType = sourcecode.swift; path = CreditsTableViewController.swift; sourceTree = "<group>"; };
		E50BBE4A1F8C1B25000574EC /* IconsTableViewController.swift */ = {isa = PBXFileReference; fileEncoding = 4; lastKnownFileType = sourcecode.swift; path = IconsTableViewController.swift; sourceTree = "<group>"; };
		E50BBE4C1F8C2175000574EC /* OpenSLTableViewController.swift */ = {isa = PBXFileReference; fileEncoding = 4; lastKnownFileType = sourcecode.swift; path = OpenSLTableViewController.swift; sourceTree = "<group>"; };
		E51AB4ED1F8741F1008D2058 /* GSTViewController.swift */ = {isa = PBXFileReference; fileEncoding = 4; lastKnownFileType = sourcecode.swift; path = GSTViewController.swift; sourceTree = "<group>"; };
		E51AB4EF1F878403008D2058 /* Bill.swift */ = {isa = PBXFileReference; fileEncoding = 4; lastKnownFileType = sourcecode.swift; path = Bill.swift; sourceTree = "<group>"; };
		E51AB4F11F87AEB2008D2058 /* SummaryViewController.swift */ = {isa = PBXFileReference; fileEncoding = 4; lastKnownFileType = sourcecode.swift; path = SummaryViewController.swift; sourceTree = "<group>"; };
		E51AB4F31F87C5C2008D2058 /* PersonViewController.swift */ = {isa = PBXFileReference; fileEncoding = 4; lastKnownFileType = sourcecode.swift; path = PersonViewController.swift; sourceTree = "<group>"; };
		E51AB4F71F87C6B0008D2058 /* ItemTableCell.swift */ = {isa = PBXFileReference; fileEncoding = 4; lastKnownFileType = sourcecode.swift; path = ItemTableCell.swift; sourceTree = "<group>"; };
		E56D00E81F7BBBA100867C35 /* BillViewController.swift */ = {isa = PBXFileReference; fileEncoding = 4; lastKnownFileType = sourcecode.swift; path = BillViewController.swift; sourceTree = "<group>"; };
		E56D00EA1F7BBCC900867C35 /* BillTableCell.swift */ = {isa = PBXFileReference; fileEncoding = 4; lastKnownFileType = sourcecode.swift; path = BillTableCell.swift; sourceTree = "<group>"; };
		E56D00EC1F7BBE3300867C35 /* BillTableSection.swift */ = {isa = PBXFileReference; fileEncoding = 4; lastKnownFileType = sourcecode.swift; path = BillTableSection.swift; sourceTree = "<group>"; };
		E56D00EE1F7BC98100867C35 /* Person.swift */ = {isa = PBXFileReference; fileEncoding = 4; lastKnownFileType = sourcecode.swift; path = Person.swift; sourceTree = "<group>"; };
		E56D00F01F7BC9C000867C35 /* Item.swift */ = {isa = PBXFileReference; fileEncoding = 4; lastKnownFileType = sourcecode.swift; path = Item.swift; sourceTree = "<group>"; };
		E5AECDD31F8A4AE5003606F4 /* SideBarMenuViewController.swift */ = {isa = PBXFileReference; fileEncoding = 4; lastKnownFileType = sourcecode.swift; path = SideBarMenuViewController.swift; sourceTree = "<group>"; };
		E5AECDD51F8A5529003606F4 /* BillNavigationController.swift */ = {isa = PBXFileReference; fileEncoding = 4; lastKnownFileType = sourcecode.swift; path = BillNavigationController.swift; sourceTree = "<group>"; };
		E5B38A181F7BA232007BD655 /* BillTableSection.xib */ = {isa = PBXFileReference; fileEncoding = 4; lastKnownFileType = file.xib; path = BillTableSection.xib; sourceTree = "<group>"; };
		E5C538761F8FA9A2007166E7 /* GoogleService-Info.plist */ = {isa = PBXFileReference; fileEncoding = 4; lastKnownFileType = text.plist.xml; path = "GoogleService-Info.plist"; sourceTree = "<group>"; };
		E5CF0D851F8F5F8D001AA1E2 /* StoreKit.framework */ = {isa = PBXFileReference; lastKnownFileType = wrapper.framework; name = StoreKit.framework; path = System/Library/Frameworks/StoreKit.framework; sourceTree = SDKROOT; };
		E5D6912C1F7B9B4500A52971 /* PayUp.app */ = {isa = PBXFileReference; explicitFileType = wrapper.application; includeInIndex = 0; path = PayUp.app; sourceTree = BUILT_PRODUCTS_DIR; };
		E5D6912F1F7B9B4500A52971 /* AppDelegate.swift */ = {isa = PBXFileReference; lastKnownFileType = sourcecode.swift; path = AppDelegate.swift; sourceTree = "<group>"; };
		E5D691341F7B9B4500A52971 /* Base */ = {isa = PBXFileReference; lastKnownFileType = file.storyboard; name = Base; path = Base.lproj/Main.storyboard; sourceTree = "<group>"; };
		E5D691371F7B9B4500A52971 /* PayUp.xcdatamodel */ = {isa = PBXFileReference; lastKnownFileType = wrapper.xcdatamodel; path = PayUp.xcdatamodel; sourceTree = "<group>"; };
		E5D691391F7B9B4500A52971 /* Assets.xcassets */ = {isa = PBXFileReference; lastKnownFileType = folder.assetcatalog; path = Assets.xcassets; sourceTree = "<group>"; };
		E5D6913C1F7B9B4500A52971 /* Base */ = {isa = PBXFileReference; lastKnownFileType = file.storyboard; name = Base; path = Base.lproj/LaunchScreen.storyboard; sourceTree = "<group>"; };
		E5D6913E1F7B9B4500A52971 /* Info.plist */ = {isa = PBXFileReference; lastKnownFileType = text.plist.xml; path = Info.plist; sourceTree = "<group>"; };
		E5F1EEE11F89F56D00CB1921 /* HostViewController.swift */ = {isa = PBXFileReference; fileEncoding = 4; lastKnownFileType = sourcecode.swift; path = HostViewController.swift; sourceTree = "<group>"; };
/* End PBXFileReference section */

/* Begin PBXFrameworksBuildPhase section */
		E5D691291F7B9B4500A52971 /* Frameworks */ = {
			isa = PBXFrameworksBuildPhase;
			buildActionMask = 2147483647;
			files = (
				48BD83DAF26EA3D2BF69D752 /* Pods_PayUp.framework in Frameworks */,
				E5CF0D861F8F5F8D001AA1E2 /* StoreKit.framework in Frameworks */,
			);
			runOnlyForDeploymentPostprocessing = 0;
		};
/* End PBXFrameworksBuildPhase section */

/* Begin PBXGroup section */
		A25182100E9CF3A7EF992D71 /* Frameworks */ = {
			isa = PBXGroup;
			children = (
				E5CF0D851F8F5F8D001AA1E2 /* StoreKit.framework */,
				A5FD68BDEC72FB11CC6AAFA0 /* Pods_PayUp.framework */,
			);
			name = Frameworks;
			sourceTree = "<group>";
		};
		CFCE0B02FE55C4E28C74C726 /* Pods */ = {
			isa = PBXGroup;
			children = (
				3E3956AB9D6491412E4B2885 /* Pods-PayUp.debug.xcconfig */,
				81676302CF547174763EBA95 /* Pods-PayUp.release.xcconfig */,
			);
			name = Pods;
			sourceTree = "<group>";
		};
		E5D691231F7B9B4500A52971 = {
			isa = PBXGroup;
			children = (
				E5D6912E1F7B9B4500A52971 /* PayUp */,
				E5D6912D1F7B9B4500A52971 /* Products */,
				CFCE0B02FE55C4E28C74C726 /* Pods */,
				A25182100E9CF3A7EF992D71 /* Frameworks */,
			);
			sourceTree = "<group>";
		};
		E5D6912D1F7B9B4500A52971 /* Products */ = {
			isa = PBXGroup;
			children = (
				E5D6912C1F7B9B4500A52971 /* PayUp.app */,
			);
			name = Products;
			sourceTree = "<group>";
		};
		E5D6912E1F7B9B4500A52971 /* PayUp */ = {
			isa = PBXGroup;
			children = (
				E5D691461F7B9BC100A52971 /* Controller */,
				E5D691451F7B9BBD00A52971 /* View */,
				E5D691441F7B9BB800A52971 /* Model */,
				E5D691391F7B9B4500A52971 /* Assets.xcassets */,
				E5D6913E1F7B9B4500A52971 /* Info.plist */,
				E5C538761F8FA9A2007166E7 /* GoogleService-Info.plist */,
				E5D691361F7B9B4500A52971 /* PayUp.xcdatamodeld */,
			);
			path = PayUp;
			sourceTree = "<group>";
		};
		E5D691441F7B9BB800A52971 /* Model */ = {
			isa = PBXGroup;
			children = (
				E56D00EE1F7BC98100867C35 /* Person.swift */,
				E56D00F01F7BC9C000867C35 /* Item.swift */,
				E51AB4EF1F878403008D2058 /* Bill.swift */,
			);
			name = Model;
			sourceTree = "<group>";
		};
		E5D691451F7B9BBD00A52971 /* View */ = {
			isa = PBXGroup;
			children = (
				E5B38A181F7BA232007BD655 /* BillTableSection.xib */,
				E5D6913B1F7B9B4500A52971 /* LaunchScreen.storyboard */,
				E5D691331F7B9B4500A52971 /* Main.storyboard */,
				E56D00EA1F7BBCC900867C35 /* BillTableCell.swift */,
				E56D00EC1F7BBE3300867C35 /* BillTableSection.swift */,
				E51AB4F71F87C6B0008D2058 /* ItemTableCell.swift */,
			);
			name = View;
			sourceTree = "<group>";
		};
		E5D691461F7B9BC100A52971 /* Controller */ = {
			isa = PBXGroup;
			children = (
				E5D6912F1F7B9B4500A52971 /* AppDelegate.swift */,
				E56D00E81F7BBBA100867C35 /* BillViewController.swift */,
				E51AB4ED1F8741F1008D2058 /* GSTViewController.swift */,
				E51AB4F11F87AEB2008D2058 /* SummaryViewController.swift */,
				E51AB4F31F87C5C2008D2058 /* PersonViewController.swift */,
				E5F1EEE11F89F56D00CB1921 /* HostViewController.swift */,
				E5AECDD31F8A4AE5003606F4 /* SideBarMenuViewController.swift */,
				E5AECDD51F8A5529003606F4 /* BillNavigationController.swift */,
				E50BBE441F8C0FB2000574EC /* SettingsTableViewController.swift */,
				E50BBE461F8C1091000574EC /* SettingsNavigationController.swift */,
				E50BBE481F8C1890000574EC /* CreditsTableViewController.swift */,
				E50BBE4A1F8C1B25000574EC /* IconsTableViewController.swift */,
				E50BBE4C1F8C2175000574EC /* OpenSLTableViewController.swift */,
			);
			name = Controller;
			sourceTree = "<group>";
		};
/* End PBXGroup section */

/* Begin PBXNativeTarget section */
		E5D6912B1F7B9B4500A52971 /* PayUp */ = {
			isa = PBXNativeTarget;
			buildConfigurationList = E5D691411F7B9B4500A52971 /* Build configuration list for PBXNativeTarget "PayUp" */;
			buildPhases = (
				3D4158397AAB450658DD69BB /* [CP] Check Pods Manifest.lock */,
				E5D691281F7B9B4500A52971 /* Sources */,
				E5D691291F7B9B4500A52971 /* Frameworks */,
				E5D6912A1F7B9B4500A52971 /* Resources */,
				92ED45FC7C09645F0C4C04CF /* [CP] Embed Pods Frameworks */,
				A61DC40591CCE60B08417907 /* [CP] Copy Pods Resources */,
			);
			buildRules = (
			);
			dependencies = (
			);
			name = PayUp;
			productName = PayUp;
			productReference = E5D6912C1F7B9B4500A52971 /* PayUp.app */;
			productType = "com.apple.product-type.application";
		};
/* End PBXNativeTarget section */

/* Begin PBXProject section */
		E5D691241F7B9B4500A52971 /* Project object */ = {
			isa = PBXProject;
			attributes = {
				LastSwiftUpdateCheck = 0830;
				LastUpgradeCheck = 0830;
				ORGANIZATIONNAME = Hongxuan;
				TargetAttributes = {
					E5D6912B1F7B9B4500A52971 = {
						CreatedOnToolsVersion = 8.3.2;
						DevelopmentTeam = 7K8D5V3EH8;
						ProvisioningStyle = Automatic;
						SystemCapabilities = {
							com.apple.InAppPurchase = {
								enabled = 1;
							};
						};
					};
				};
			};
			buildConfigurationList = E5D691271F7B9B4500A52971 /* Build configuration list for PBXProject "PayUp" */;
			compatibilityVersion = "Xcode 3.2";
			developmentRegion = English;
			hasScannedForEncodings = 0;
			knownRegions = (
				en,
				Base,
			);
			mainGroup = E5D691231F7B9B4500A52971;
			productRefGroup = E5D6912D1F7B9B4500A52971 /* Products */;
			projectDirPath = "";
			projectRoot = "";
			targets = (
				E5D6912B1F7B9B4500A52971 /* PayUp */,
			);
		};
/* End PBXProject section */

/* Begin PBXResourcesBuildPhase section */
		E5D6912A1F7B9B4500A52971 /* Resources */ = {
			isa = PBXResourcesBuildPhase;
			buildActionMask = 2147483647;
			files = (
				E5D6913D1F7B9B4500A52971 /* LaunchScreen.storyboard in Resources */,
				E5B38A191F7BA232007BD655 /* BillTableSection.xib in Resources */,
				E5C538771F8FA9A2007166E7 /* GoogleService-Info.plist in Resources */,
				E5D6913A1F7B9B4500A52971 /* Assets.xcassets in Resources */,
				E5D691351F7B9B4500A52971 /* Main.storyboard in Resources */,
			);
			runOnlyForDeploymentPostprocessing = 0;
		};
/* End PBXResourcesBuildPhase section */

/* Begin PBXShellScriptBuildPhase section */
		3D4158397AAB450658DD69BB /* [CP] Check Pods Manifest.lock */ = {
			isa = PBXShellScriptBuildPhase;
			buildActionMask = 2147483647;
			files = (
			);
			inputPaths = (
			);
			name = "[CP] Check Pods Manifest.lock";
			outputPaths = (
			);
			runOnlyForDeploymentPostprocessing = 0;
			shellPath = /bin/sh;
			shellScript = "diff \"${PODS_ROOT}/../Podfile.lock\" \"${PODS_ROOT}/Manifest.lock\" > /dev/null\nif [ $? != 0 ] ; then\n    # print error to STDERR\n    echo \"error: The sandbox is not in sync with the Podfile.lock. Run 'pod install' or update your CocoaPods installation.\" >&2\n    exit 1\nfi\n";
			showEnvVarsInLog = 0;
		};
		92ED45FC7C09645F0C4C04CF /* [CP] Embed Pods Frameworks */ = {
			isa = PBXShellScriptBuildPhase;
			buildActionMask = 2147483647;
			files = (
			);
			inputPaths = (
			);
			name = "[CP] Embed Pods Frameworks";
			outputPaths = (
			);
			runOnlyForDeploymentPostprocessing = 0;
			shellPath = /bin/sh;
			shellScript = "\"${SRCROOT}/Pods/Target Support Files/Pods-PayUp/Pods-PayUp-frameworks.sh\"\n";
			showEnvVarsInLog = 0;
		};
		A61DC40591CCE60B08417907 /* [CP] Copy Pods Resources */ = {
			isa = PBXShellScriptBuildPhase;
			buildActionMask = 2147483647;
			files = (
			);
			inputPaths = (
			);
			name = "[CP] Copy Pods Resources";
			outputPaths = (
			);
			runOnlyForDeploymentPostprocessing = 0;
			shellPath = /bin/sh;
			shellScript = "\"${SRCROOT}/Pods/Target Support Files/Pods-PayUp/Pods-PayUp-resources.sh\"\n";
			showEnvVarsInLog = 0;
		};
/* End PBXShellScriptBuildPhase section */

/* Begin PBXSourcesBuildPhase section */
		E5D691281F7B9B4500A52971 /* Sources */ = {
			isa = PBXSourcesBuildPhase;
			buildActionMask = 2147483647;
			files = (
				E56D00EF1F7BC98100867C35 /* Person.swift in Sources */,
				E50BBE4B1F8C1B25000574EC /* IconsTableViewController.swift in Sources */,
				E50BBE4D1F8C2175000574EC /* OpenSLTableViewController.swift in Sources */,
				E51AB4F81F87C6B0008D2058 /* ItemTableCell.swift in Sources */,
				E5D691301F7B9B4500A52971 /* AppDelegate.swift in Sources */,
				E56D00EB1F7BBCC900867C35 /* BillTableCell.swift in Sources */,
				E5AECDD41F8A4AE5003606F4 /* SideBarMenuViewController.swift in Sources */,
				E5AECDD61F8A5529003606F4 /* BillNavigationController.swift in Sources */,
				E50BBE491F8C1890000574EC /* CreditsTableViewController.swift in Sources */,
				E56D00ED1F7BBE3300867C35 /* BillTableSection.swift in Sources */,
				E56D00F11F7BC9C000867C35 /* Item.swift in Sources */,
				E5D691381F7B9B4500A52971 /* PayUp.xcdatamodeld in Sources */,
				E50BBE471F8C1091000574EC /* SettingsNavigationController.swift in Sources */,
				E56D00E91F7BBBA100867C35 /* BillViewController.swift in Sources */,
				E51AB4F41F87C5C2008D2058 /* PersonViewController.swift in Sources */,
				E5F1EEE21F89F56D00CB1921 /* HostViewController.swift in Sources */,
				E50BBE451F8C0FB2000574EC /* SettingsTableViewController.swift in Sources */,
				E51AB4F01F878403008D2058 /* Bill.swift in Sources */,
				E51AB4EE1F8741F1008D2058 /* GSTViewController.swift in Sources */,
				E51AB4F21F87AEB2008D2058 /* SummaryViewController.swift in Sources */,
			);
			runOnlyForDeploymentPostprocessing = 0;
		};
/* End PBXSourcesBuildPhase section */

/* Begin PBXVariantGroup section */
		E5D691331F7B9B4500A52971 /* Main.storyboard */ = {
			isa = PBXVariantGroup;
			children = (
				E5D691341F7B9B4500A52971 /* Base */,
			);
			name = Main.storyboard;
			sourceTree = "<group>";
		};
		E5D6913B1F7B9B4500A52971 /* LaunchScreen.storyboard */ = {
			isa = PBXVariantGroup;
			children = (
				E5D6913C1F7B9B4500A52971 /* Base */,
			);
			name = LaunchScreen.storyboard;
			sourceTree = "<group>";
		};
/* End PBXVariantGroup section */

/* Begin XCBuildConfiguration section */
		E5D6913F1F7B9B4500A52971 /* Debug */ = {
			isa = XCBuildConfiguration;
			buildSettings = {
				ALWAYS_SEARCH_USER_PATHS = NO;
				CLANG_ANALYZER_NONNULL = YES;
				CLANG_ANALYZER_NUMBER_OBJECT_CONVERSION = YES_AGGRESSIVE;
				CLANG_CXX_LANGUAGE_STANDARD = "gnu++0x";
				CLANG_CXX_LIBRARY = "libc++";
				CLANG_ENABLE_MODULES = YES;
				CLANG_ENABLE_OBJC_ARC = YES;
				CLANG_WARN_BOOL_CONVERSION = YES;
				CLANG_WARN_CONSTANT_CONVERSION = YES;
				CLANG_WARN_DIRECT_OBJC_ISA_USAGE = YES_ERROR;
				CLANG_WARN_DOCUMENTATION_COMMENTS = YES;
				CLANG_WARN_EMPTY_BODY = YES;
				CLANG_WARN_ENUM_CONVERSION = YES;
				CLANG_WARN_INFINITE_RECURSION = YES;
				CLANG_WARN_INT_CONVERSION = YES;
				CLANG_WARN_OBJC_ROOT_CLASS = YES_ERROR;
				CLANG_WARN_SUSPICIOUS_MOVE = YES;
				CLANG_WARN_UNREACHABLE_CODE = YES;
				CLANG_WARN__DUPLICATE_METHOD_MATCH = YES;
				"CODE_SIGN_IDENTITY[sdk=iphoneos*]" = "iPhone Developer";
				COPY_PHASE_STRIP = NO;
				DEBUG_INFORMATION_FORMAT = dwarf;
				ENABLE_STRICT_OBJC_MSGSEND = YES;
				ENABLE_TESTABILITY = YES;
				GCC_C_LANGUAGE_STANDARD = gnu99;
				GCC_DYNAMIC_NO_PIC = NO;
				GCC_NO_COMMON_BLOCKS = YES;
				GCC_OPTIMIZATION_LEVEL = 0;
				GCC_PREPROCESSOR_DEFINITIONS = (
					"DEBUG=1",
					"$(inherited)",
				);
				GCC_WARN_64_TO_32_BIT_CONVERSION = YES;
				GCC_WARN_ABOUT_RETURN_TYPE = YES_ERROR;
				GCC_WARN_UNDECLARED_SELECTOR = YES;
				GCC_WARN_UNINITIALIZED_AUTOS = YES_AGGRESSIVE;
				GCC_WARN_UNUSED_FUNCTION = YES;
				GCC_WARN_UNUSED_VARIABLE = YES;
				IPHONEOS_DEPLOYMENT_TARGET = 10.3;
				MTL_ENABLE_DEBUG_INFO = YES;
				ONLY_ACTIVE_ARCH = YES;
				SDKROOT = iphoneos;
				SWIFT_ACTIVE_COMPILATION_CONDITIONS = DEBUG;
				SWIFT_OPTIMIZATION_LEVEL = "-Onone";
			};
			name = Debug;
		};
		E5D691401F7B9B4500A52971 /* Release */ = {
			isa = XCBuildConfiguration;
			buildSettings = {
				ALWAYS_SEARCH_USER_PATHS = NO;
				CLANG_ANALYZER_NONNULL = YES;
				CLANG_ANALYZER_NUMBER_OBJECT_CONVERSION = YES_AGGRESSIVE;
				CLANG_CXX_LANGUAGE_STANDARD = "gnu++0x";
				CLANG_CXX_LIBRARY = "libc++";
				CLANG_ENABLE_MODULES = YES;
				CLANG_ENABLE_OBJC_ARC = YES;
				CLANG_WARN_BOOL_CONVERSION = YES;
				CLANG_WARN_CONSTANT_CONVERSION = YES;
				CLANG_WARN_DIRECT_OBJC_ISA_USAGE = YES_ERROR;
				CLANG_WARN_DOCUMENTATION_COMMENTS = YES;
				CLANG_WARN_EMPTY_BODY = YES;
				CLANG_WARN_ENUM_CONVERSION = YES;
				CLANG_WARN_INFINITE_RECURSION = YES;
				CLANG_WARN_INT_CONVERSION = YES;
				CLANG_WARN_OBJC_ROOT_CLASS = YES_ERROR;
				CLANG_WARN_SUSPICIOUS_MOVE = YES;
				CLANG_WARN_UNREACHABLE_CODE = YES;
				CLANG_WARN__DUPLICATE_METHOD_MATCH = YES;
				"CODE_SIGN_IDENTITY[sdk=iphoneos*]" = "iPhone Developer";
				COPY_PHASE_STRIP = NO;
				DEBUG_INFORMATION_FORMAT = "dwarf-with-dsym";
				ENABLE_NS_ASSERTIONS = NO;
				ENABLE_STRICT_OBJC_MSGSEND = YES;
				GCC_C_LANGUAGE_STANDARD = gnu99;
				GCC_NO_COMMON_BLOCKS = YES;
				GCC_WARN_64_TO_32_BIT_CONVERSION = YES;
				GCC_WARN_ABOUT_RETURN_TYPE = YES_ERROR;
				GCC_WARN_UNDECLARED_SELECTOR = YES;
				GCC_WARN_UNINITIALIZED_AUTOS = YES_AGGRESSIVE;
				GCC_WARN_UNUSED_FUNCTION = YES;
				GCC_WARN_UNUSED_VARIABLE = YES;
				IPHONEOS_DEPLOYMENT_TARGET = 10.3;
				MTL_ENABLE_DEBUG_INFO = NO;
				SDKROOT = iphoneos;
				SWIFT_OPTIMIZATION_LEVEL = "-Owholemodule";
				VALIDATE_PRODUCT = YES;
			};
			name = Release;
		};
		E5D691421F7B9B4500A52971 /* Debug */ = {
			isa = XCBuildConfiguration;
			baseConfigurationReference = 3E3956AB9D6491412E4B2885 /* Pods-PayUp.debug.xcconfig */;
			buildSettings = {
				ASSETCATALOG_COMPILER_APPICON_NAME = AppIcon;
				DEVELOPMENT_TEAM = 7K8D5V3EH8;
				FRAMEWORK_SEARCH_PATHS = "$(inherited)";
				INFOPLIST_FILE = PayUp/Info.plist;
				IPHONEOS_DEPLOYMENT_TARGET = 10.0;
				LD_RUNPATH_SEARCH_PATHS = "$(inherited) @executable_path/Frameworks";
				PRODUCT_BUNDLE_IDENTIFIER = com.Hongxuan.PayUp;
				PRODUCT_NAME = "$(TARGET_NAME)";
				SWIFT_VERSION = 3.0;
				TARGETED_DEVICE_FAMILY = "1,2";
			};
			name = Debug;
		};
		E5D691431F7B9B4500A52971 /* Release */ = {
			isa = XCBuildConfiguration;
			baseConfigurationReference = 81676302CF547174763EBA95 /* Pods-PayUp.release.xcconfig */;
			buildSettings = {
				ASSETCATALOG_COMPILER_APPICON_NAME = AppIcon;
				DEVELOPMENT_TEAM = 7K8D5V3EH8;
				FRAMEWORK_SEARCH_PATHS = "$(inherited)";
				INFOPLIST_FILE = PayUp/Info.plist;
				IPHONEOS_DEPLOYMENT_TARGET = 10.0;
				LD_RUNPATH_SEARCH_PATHS = "$(inherited) @executable_path/Frameworks";
				PRODUCT_BUNDLE_IDENTIFIER = com.Hongxuan.PayUp;
				PRODUCT_NAME = "$(TARGET_NAME)";
				SWIFT_VERSION = 3.0;
				TARGETED_DEVICE_FAMILY = "1,2";
			};
			name = Release;
		};
/* End XCBuildConfiguration section */

/* Begin XCConfigurationList section */
		E5D691271F7B9B4500A52971 /* Build configuration list for PBXProject "PayUp" */ = {
			isa = XCConfigurationList;
			buildConfigurations = (
				E5D6913F1F7B9B4500A52971 /* Debug */,
				E5D691401F7B9B4500A52971 /* Release */,
			);
			defaultConfigurationIsVisible = 0;
			defaultConfigurationName = Release;
		};
		E5D691411F7B9B4500A52971 /* Build configuration list for PBXNativeTarget "PayUp" */ = {
			isa = XCConfigurationList;
			buildConfigurations = (
				E5D691421F7B9B4500A52971 /* Debug */,
				E5D691431F7B9B4500A52971 /* Release */,
			);
			defaultConfigurationIsVisible = 0;
			defaultConfigurationName = Release;
		};
/* End XCConfigurationList section */

/* Begin XCVersionGroup section */
		E5D691361F7B9B4500A52971 /* PayUp.xcdatamodeld */ = {
			isa = XCVersionGroup;
			children = (
				E5D691371F7B9B4500A52971 /* PayUp.xcdatamodel */,
			);
			currentVersion = E5D691371F7B9B4500A52971 /* PayUp.xcdatamodel */;
			path = PayUp.xcdatamodeld;
			sourceTree = "<group>";
			versionGroupType = wrapper.xcdatamodel;
		};
/* End XCVersionGroup section */
	};
	rootObject = E5D691241F7B9B4500A52971 /* Project object */;
}
