// !$*UTF8*$!
{
	archiveVersion = 1;
	classes = {
	};
	objectVersion = 46;
	objects = {

/* Begin PBXBuildFile section */
		E54549A41E7E548700519E27 /* AppDelegate.swift in Sources */ = {isa = PBXBuildFile; fileRef = E54549A31E7E548700519E27 /* AppDelegate.swift */; };
		E54549A91E7E548700519E27 /* Main.storyboard in Resources */ = {isa = PBXBuildFile; fileRef = E54549A71E7E548700519E27 /* Main.storyboard */; };
		E54549AB1E7E548700519E27 /* Assets.xcassets in Resources */ = {isa = PBXBuildFile; fileRef = E54549AA1E7E548700519E27 /* Assets.xcassets */; };
		E54549AE1E7E548700519E27 /* LaunchScreen.storyboard in Resources */ = {isa = PBXBuildFile; fileRef = E54549AC1E7E548700519E27 /* LaunchScreen.storyboard */; };
		E55F44DE1E80491B00F0BFEF /* SplitBill.swift in Sources */ = {isa = PBXBuildFile; fileRef = E55F44DD1E80491B00F0BFEF /* SplitBill.swift */; };
		E55F44E01E80753500F0BFEF /* BillSummary.swift in Sources */ = {isa = PBXBuildFile; fileRef = E55F44DF1E80753500F0BFEF /* BillSummary.swift */; };
		E56EAAC61EA122C80018EB04 /* StartMenu.swift in Sources */ = {isa = PBXBuildFile; fileRef = E56EAAC51EA122C80018EB04 /* StartMenu.swift */; };
		E5B0BAD11E7F0DE5005C299F /* BillForm.swift in Sources */ = {isa = PBXBuildFile; fileRef = E5B0BAD01E7F0DE5005C299F /* BillForm.swift */; };
		E5D940EC1EA2467200984019 /* Settings.swift in Sources */ = {isa = PBXBuildFile; fileRef = E5D940EB1EA2467200984019 /* Settings.swift */; };
/* End PBXBuildFile section */

/* Begin PBXFileReference section */
		E54549A01E7E548700519E27 /* PayUp.app */ = {isa = PBXFileReference; explicitFileType = wrapper.application; includeInIndex = 0; path = PayUp.app; sourceTree = BUILT_PRODUCTS_DIR; };
		E54549A31E7E548700519E27 /* AppDelegate.swift */ = {isa = PBXFileReference; lastKnownFileType = sourcecode.swift; path = AppDelegate.swift; sourceTree = "<group>"; };
		E54549A81E7E548700519E27 /* Base */ = {isa = PBXFileReference; lastKnownFileType = file.storyboard; name = Base; path = Base.lproj/Main.storyboard; sourceTree = "<group>"; };
		E54549AA1E7E548700519E27 /* Assets.xcassets */ = {isa = PBXFileReference; lastKnownFileType = folder.assetcatalog; path = Assets.xcassets; sourceTree = "<group>"; };
		E54549AD1E7E548700519E27 /* Base */ = {isa = PBXFileReference; lastKnownFileType = file.storyboard; name = Base; path = Base.lproj/LaunchScreen.storyboard; sourceTree = "<group>"; };
		E54549AF1E7E548700519E27 /* Info.plist */ = {isa = PBXFileReference; lastKnownFileType = text.plist.xml; path = Info.plist; sourceTree = "<group>"; };
		E55F44DD1E80491B00F0BFEF /* SplitBill.swift */ = {isa = PBXFileReference; fileEncoding = 4; lastKnownFileType = sourcecode.swift; path = SplitBill.swift; sourceTree = "<group>"; };
		E55F44DF1E80753500F0BFEF /* BillSummary.swift */ = {isa = PBXFileReference; fileEncoding = 4; lastKnownFileType = sourcecode.swift; path = BillSummary.swift; sourceTree = "<group>"; };
		E56EAAC51EA122C80018EB04 /* StartMenu.swift */ = {isa = PBXFileReference; fileEncoding = 4; lastKnownFileType = sourcecode.swift; path = StartMenu.swift; sourceTree = "<group>"; };
		E5B0BAD01E7F0DE5005C299F /* BillForm.swift */ = {isa = PBXFileReference; fileEncoding = 4; lastKnownFileType = sourcecode.swift; path = BillForm.swift; sourceTree = "<group>"; };
		E5D940EB1EA2467200984019 /* Settings.swift */ = {isa = PBXFileReference; fileEncoding = 4; lastKnownFileType = sourcecode.swift; path = Settings.swift; sourceTree = "<group>"; };
/* End PBXFileReference section */

/* Begin PBXFrameworksBuildPhase section */
		E545499D1E7E548700519E27 /* Frameworks */ = {
			isa = PBXFrameworksBuildPhase;
			buildActionMask = 2147483647;
			files = (
			);
			runOnlyForDeploymentPostprocessing = 0;
		};
/* End PBXFrameworksBuildPhase section */

/* Begin PBXGroup section */
		E54549971E7E548700519E27 = {
			isa = PBXGroup;
			children = (
				E54549A21E7E548700519E27 /* PayUp */,
				E54549A11E7E548700519E27 /* Products */,
			);
			sourceTree = "<group>";
		};
		E54549A11E7E548700519E27 /* Products */ = {
			isa = PBXGroup;
			children = (
				E54549A01E7E548700519E27 /* PayUp.app */,
			);
			name = Products;
			sourceTree = "<group>";
		};
		E54549A21E7E548700519E27 /* PayUp */ = {
			isa = PBXGroup;
			children = (
				E54549A31E7E548700519E27 /* AppDelegate.swift */,
				E54549A71E7E548700519E27 /* Main.storyboard */,
				E54549AA1E7E548700519E27 /* Assets.xcassets */,
				E54549AC1E7E548700519E27 /* LaunchScreen.storyboard */,
				E54549AF1E7E548700519E27 /* Info.plist */,
				E5B0BAD01E7F0DE5005C299F /* BillForm.swift */,
				E55F44DD1E80491B00F0BFEF /* SplitBill.swift */,
				E55F44DF1E80753500F0BFEF /* BillSummary.swift */,
				E56EAAC51EA122C80018EB04 /* StartMenu.swift */,
				E5D940EB1EA2467200984019 /* Settings.swift */,
			);
			path = PayUp;
			sourceTree = "<group>";
		};
/* End PBXGroup section */

/* Begin PBXNativeTarget section */
		E545499F1E7E548700519E27 /* PayUp */ = {
			isa = PBXNativeTarget;
			buildConfigurationList = E54549B21E7E548700519E27 /* Build configuration list for PBXNativeTarget "PayUp" */;
			buildPhases = (
				E545499C1E7E548700519E27 /* Sources */,
				E545499D1E7E548700519E27 /* Frameworks */,
				E545499E1E7E548700519E27 /* Resources */,
			);
			buildRules = (
			);
			dependencies = (
			);
			name = PayUp;
			productName = BillSplit;
			productReference = E54549A01E7E548700519E27 /* PayUp.app */;
			productType = "com.apple.product-type.application";
		};
/* End PBXNativeTarget section */

/* Begin PBXProject section */
		E54549981E7E548700519E27 /* Project object */ = {
			isa = PBXProject;
			attributes = {
				LastSwiftUpdateCheck = 0820;
				LastUpgradeCheck = 0820;
				ORGANIZATIONNAME = hx;
				TargetAttributes = {
					E545499F1E7E548700519E27 = {
						CreatedOnToolsVersion = 8.2.1;
						DevelopmentTeam = EVC7K5F9LC;
						ProvisioningStyle = Automatic;
					};
				};
			};
			buildConfigurationList = E545499B1E7E548700519E27 /* Build configuration list for PBXProject "PayUp" */;
			compatibilityVersion = "Xcode 3.2";
			developmentRegion = English;
			hasScannedForEncodings = 0;
			knownRegions = (
				en,
				Base,
			);
			mainGroup = E54549971E7E548700519E27;
			productRefGroup = E54549A11E7E548700519E27 /* Products */;
			projectDirPath = "";
			projectRoot = "";
			targets = (
				E545499F1E7E548700519E27 /* PayUp */,
			);
		};
/* End PBXProject section */

/* Begin PBXResourcesBuildPhase section */
		E545499E1E7E548700519E27 /* Resources */ = {
			isa = PBXResourcesBuildPhase;
			buildActionMask = 2147483647;
			files = (
				E54549AE1E7E548700519E27 /* LaunchScreen.storyboard in Resources */,
				E54549AB1E7E548700519E27 /* Assets.xcassets in Resources */,
				E54549A91E7E548700519E27 /* Main.storyboard in Resources */,
			);
			runOnlyForDeploymentPostprocessing = 0;
		};
/* End PBXResourcesBuildPhase section */

/* Begin PBXSourcesBuildPhase section */
		E545499C1E7E548700519E27 /* Sources */ = {
			isa = PBXSourcesBuildPhase;
			buildActionMask = 2147483647;
			files = (
				E5D940EC1EA2467200984019 /* Settings.swift in Sources */,
				E5B0BAD11E7F0DE5005C299F /* BillForm.swift in Sources */,
				E56EAAC61EA122C80018EB04 /* StartMenu.swift in Sources */,
				E55F44E01E80753500F0BFEF /* BillSummary.swift in Sources */,
				E55F44DE1E80491B00F0BFEF /* SplitBill.swift in Sources */,
				E54549A41E7E548700519E27 /* AppDelegate.swift in Sources */,
			);
			runOnlyForDeploymentPostprocessing = 0;
		};
/* End PBXSourcesBuildPhase section */

/* Begin PBXVariantGroup section */
		E54549A71E7E548700519E27 /* Main.storyboard */ = {
			isa = PBXVariantGroup;
			children = (
				E54549A81E7E548700519E27 /* Base */,
			);
			name = Main.storyboard;
			sourceTree = "<group>";
		};
		E54549AC1E7E548700519E27 /* LaunchScreen.storyboard */ = {
			isa = PBXVariantGroup;
			children = (
				E54549AD1E7E548700519E27 /* Base */,
			);
			name = LaunchScreen.storyboard;
			sourceTree = "<group>";
		};
/* End PBXVariantGroup section */

/* Begin XCBuildConfiguration section */
		E54549B01E7E548700519E27 /* Debug */ = {
			isa = XCBuildConfiguration;
			buildSettings = {
				ALWAYS_SEARCH_USER_PATHS = NO;
				CLANG_ANALYZER_NONNULL = YES;
				CLANG_CXX_LANGUAGE_STANDARD = "gnu++0x";
				CLANG_CXX_LIBRARY = "libc++";
				CLANG_ENABLE_MODULES = YES;
				CLANG_ENABLE_OBJC_ARC = YES;
				CLANG_WARN_BOOL_CONVERSION = YES;
				CLANG_WARN_CONSTANT_CONVERSION = YES;
				CLANG_WARN_DIRECT_OBJC_ISA_USAGE = YES_ERROR;
				CLANG_WARN_DOCUMENTATION_COMMENTS = YES;
				CLANG_WARN_EMPTY_BODY = YES;
				CLANG_WARN_ENUM_CONVERSION = YES;
				CLANG_WARN_INFINITE_RECURSION = YES;
				CLANG_WARN_INT_CONVERSION = YES;
				CLANG_WARN_OBJC_ROOT_CLASS = YES_ERROR;
				CLANG_WARN_SUSPICIOUS_MOVE = YES;
				CLANG_WARN_UNREACHABLE_CODE = YES;
				CLANG_WARN__DUPLICATE_METHOD_MATCH = YES;
				"CODE_SIGN_IDENTITY[sdk=iphoneos*]" = "iPhone Developer";
				COPY_PHASE_STRIP = NO;
				DEBUG_INFORMATION_FORMAT = dwarf;
				ENABLE_STRICT_OBJC_MSGSEND = YES;
				ENABLE_TESTABILITY = YES;
				GCC_C_LANGUAGE_STANDARD = gnu99;
				GCC_DYNAMIC_NO_PIC = NO;
				GCC_NO_COMMON_BLOCKS = YES;
				GCC_OPTIMIZATION_LEVEL = 0;
				GCC_PREPROCESSOR_DEFINITIONS = (
					"DEBUG=1",
					"$(inherited)",
				);
				GCC_WARN_64_TO_32_BIT_CONVERSION = YES;
				GCC_WARN_ABOUT_RETURN_TYPE = YES_ERROR;
				GCC_WARN_UNDECLARED_SELECTOR = YES;
				GCC_WARN_UNINITIALIZED_AUTOS = YES_AGGRESSIVE;
				GCC_WARN_UNUSED_FUNCTION = YES;
				GCC_WARN_UNUSED_VARIABLE = YES;
				IPHONEOS_DEPLOYMENT_TARGET = 10.2;
				MTL_ENABLE_DEBUG_INFO = YES;
				ONLY_ACTIVE_ARCH = YES;
				SDKROOT = iphoneos;
				SWIFT_ACTIVE_COMPILATION_CONDITIONS = DEBUG;
				SWIFT_OPTIMIZATION_LEVEL = "-Onone";
			};
			name = Debug;
		};
		E54549B11E7E548700519E27 /* Release */ = {
			isa = XCBuildConfiguration;
			buildSettings = {
				ALWAYS_SEARCH_USER_PATHS = NO;
				CLANG_ANALYZER_NONNULL = YES;
				CLANG_CXX_LANGUAGE_STANDARD = "gnu++0x";
				CLANG_CXX_LIBRARY = "libc++";
				CLANG_ENABLE_MODULES = YES;
				CLANG_ENABLE_OBJC_ARC = YES;
				CLANG_WARN_BOOL_CONVERSION = YES;
				CLANG_WARN_CONSTANT_CONVERSION = YES;
				CLANG_WARN_DIRECT_OBJC_ISA_USAGE = YES_ERROR;
				CLANG_WARN_DOCUMENTATION_COMMENTS = YES;
				CLANG_WARN_EMPTY_BODY = YES;
				CLANG_WARN_ENUM_CONVERSION = YES;
				CLANG_WARN_INFINITE_RECURSION = YES;
				CLANG_WARN_INT_CONVERSION = YES;
				CLANG_WARN_OBJC_ROOT_CLASS = YES_ERROR;
				CLANG_WARN_SUSPICIOUS_MOVE = YES;
				CLANG_WARN_UNREACHABLE_CODE = YES;
				CLANG_WARN__DUPLICATE_METHOD_MATCH = YES;
				"CODE_SIGN_IDENTITY[sdk=iphoneos*]" = "iPhone Developer";
				COPY_PHASE_STRIP = NO;
				DEBUG_INFORMATION_FORMAT = "dwarf-with-dsym";
				ENABLE_NS_ASSERTIONS = NO;
				ENABLE_STRICT_OBJC_MSGSEND = YES;
				GCC_C_LANGUAGE_STANDARD = gnu99;
				GCC_NO_COMMON_BLOCKS = YES;
				GCC_WARN_64_TO_32_BIT_CONVERSION = YES;
				GCC_WARN_ABOUT_RETURN_TYPE = YES_ERROR;
				GCC_WARN_UNDECLARED_SELECTOR = YES;
				GCC_WARN_UNINITIALIZED_AUTOS = YES_AGGRESSIVE;
				GCC_WARN_UNUSED_FUNCTION = YES;
				GCC_WARN_UNUSED_VARIABLE = YES;
				IPHONEOS_DEPLOYMENT_TARGET = 10.2;
				MTL_ENABLE_DEBUG_INFO = NO;
				SDKROOT = iphoneos;
				SWIFT_OPTIMIZATION_LEVEL = "-Owholemodule";
				VALIDATE_PRODUCT = YES;
			};
			name = Release;
		};
		E54549B31E7E548700519E27 /* Debug */ = {
			isa = XCBuildConfiguration;
			buildSettings = {
				ASSETCATALOG_COMPILER_APPICON_NAME = AppIcon;
				DEVELOPMENT_TEAM = EVC7K5F9LC;
				INFOPLIST_FILE = PayUp/Info.plist;
				IPHONEOS_DEPLOYMENT_TARGET = 10.0;
				LD_RUNPATH_SEARCH_PATHS = "$(inherited) @executable_path/Frameworks";
				PRODUCT_BUNDLE_IDENTIFIER = com.hx.PayUp;
				PRODUCT_NAME = "$(TARGET_NAME)";
				SWIFT_VERSION = 3.0;
				TARGETED_DEVICE_FAMILY = "1,2";
			};
			name = Debug;
		};
		E54549B41E7E548700519E27 /* Release */ = {
			isa = XCBuildConfiguration;
			buildSettings = {
				ASSETCATALOG_COMPILER_APPICON_NAME = AppIcon;
				DEVELOPMENT_TEAM = EVC7K5F9LC;
				INFOPLIST_FILE = PayUp/Info.plist;
				IPHONEOS_DEPLOYMENT_TARGET = 10.0;
				LD_RUNPATH_SEARCH_PATHS = "$(inherited) @executable_path/Frameworks";
				PRODUCT_BUNDLE_IDENTIFIER = com.hx.PayUp;
				PRODUCT_NAME = "$(TARGET_NAME)";
				SWIFT_VERSION = 3.0;
				TARGETED_DEVICE_FAMILY = "1,2";
			};
			name = Release;
		};
/* End XCBuildConfiguration section */

/* Begin XCConfigurationList section */
		E545499B1E7E548700519E27 /* Build configuration list for PBXProject "PayUp" */ = {
			isa = XCConfigurationList;
			buildConfigurations = (
				E54549B01E7E548700519E27 /* Debug */,
				E54549B11E7E548700519E27 /* Release */,
			);
			defaultConfigurationIsVisible = 0;
			defaultConfigurationName = Release;
		};
		E54549B21E7E548700519E27 /* Build configuration list for PBXNativeTarget "PayUp" */ = {
			isa = XCConfigurationList;
			buildConfigurations = (
				E54549B31E7E548700519E27 /* Debug */,
				E54549B41E7E548700519E27 /* Release */,
			);
			defaultConfigurationIsVisible = 0;
			defaultConfigurationName = Release;
		};
/* End XCConfigurationList section */
	};
	rootObject = E54549981E7E548700519E27 /* Project object */;
}
